<?xml version="1.0" encoding="utf-8"?>
<Project ToolsVersion="4.0" xmlns="http://schemas.microsoft.com/developer/msbuild/2003">
  <ItemGroup>
    <Filter Include="源文件">
      <UniqueIdentifier>{4FC737F1-C7A5-4376-A066-2A32D752A2FF}</UniqueIdentifier>
      <Extensions>cpp;c;cc;cxx;def;odl;idl;hpj;bat;asm;asmx</Extensions>
    </Filter>
    <Filter Include="头文件">
      <UniqueIdentifier>{93995380-89BD-4b04-88EB-625FBE52EBFB}</UniqueIdentifier>
      <Extensions>h;hpp;hxx;hm;inl;inc;xsd</Extensions>
    </Filter>
    <Filter Include="资源文件">
      <UniqueIdentifier>{67DA6AB6-F800-4c08-8B7A-83BB121AAD01}</UniqueIdentifier>
      <Extensions>rc;ico;cur;bmp;dlg;rc2;rct;bin;rgs;gif;jpg;jpeg;jpe;resx;tiff;tif;png;wav;mfcribbon-ms</Extensions>
    </Filter>
    <Filter Include="Control">
      <UniqueIdentifier>{8e53930a-d3f6-46ab-9e20-e8e2e24cd86d}</UniqueIdentifier>
    </Filter>
    <Filter Include="Frame">
      <UniqueIdentifier>{0ce29765-5975-401c-adf5-15fc14e65a18}</UniqueIdentifier>
    </Filter>
    <Filter Include="Logic">
      <UniqueIdentifier>{93bc9a9c-174a-46d8-a32c-7298a5685015}</UniqueIdentifier>
    </Filter>
    <Filter Include="Main">
      <UniqueIdentifier>{d217276f-97cb-4273-b5ef-67f4fd9f8210}</UniqueIdentifier>
    </Filter>
    <Filter Include="Model">
      <UniqueIdentifier>{92b2e9ee-d7e0-4492-83cd-34bc6ad9923c}</UniqueIdentifier>
    </Filter>
    <Filter Include="Tools">
      <UniqueIdentifier>{cdea4378-121f-41ef-b4ec-f7bb4f2ce301}</UniqueIdentifier>
    </Filter>
    <Filter Include="View">
      <UniqueIdentifier>{2a9d26da-0d27-4bf8-b388-603c4ac66d26}</UniqueIdentifier>
    </Filter>
    <Filter Include="API">
      <UniqueIdentifier>{11b54789-a7f4-4e1f-a755-aba1babdb767}</UniqueIdentifier>
    </Filter>
  </ItemGroup>
  <ItemGroup>
    <None Include="ReadMe.txt" />
    <None Include="res\RenderUI.rc2">
      <Filter>资源文件</Filter>
    </None>
    <None Include="res\RenderUI.ico">
      <Filter>资源文件</Filter>
    </None>
    <None Include="ImageBegin.bmp">
      <Filter>资源文件</Filter>
    </None>
    <None Include="ImageSave.bmp">
      <Filter>资源文件</Filter>
    </None>
    <None Include="ImageSettings.bmp">
      <Filter>资源文件</Filter>
    </None>
    <None Include="ImageZoomFit.bmp">
      <Filter>资源文件</Filter>
    </None>
    <None Include="ImageZoomOrigin.bmp">
      <Filter>资源文件</Filter>
    </None>
    <None Include="属性对话框参数.xls">
      <Filter>资源文件</Filter>
    </None>
    <None Include="ImageParam.xml">
      <Filter>资源文件</Filter>
    </None>
    <None Include="RenderParam.xml">
      <Filter>资源文件</Filter>
    </None>
  </ItemGroup>
  <ItemGroup>
    <ClInclude Include="RenderUI.h">
      <Filter>Frame</Filter>
    </ClInclude>
    <ClInclude Include="targetver.h">
      <Filter>Frame</Filter>
    </ClInclude>
    <ClInclude Include="Resource.h">
      <Filter>Frame</Filter>
    </ClInclude>
    <ClInclude Include="stdafx.h">
      <Filter>Frame</Filter>
    </ClInclude>
    <ClInclude Include="RenderUIDlg.h">
      <Filter>View</Filter>
    </ClInclude>
    <ClInclude Include="HG_BaseModel.h">
      <Filter>Model</Filter>
    </ClInclude>
    <ClInclude Include="HG_Camera.h">
      <Filter>Model</Filter>
    </ClInclude>
    <ClInclude Include="HG_Light.h">
      <Filter>Model</Filter>
    </ClInclude>
    <ClInclude Include="HG_Material.h">
      <Filter>Model</Filter>
    </ClInclude>
    <ClInclude Include="HG_Mesh.h">
      <Filter>Model</Filter>
    </ClInclude>
    <ClInclude Include="HG_MeshInstance.h">
      <Filter>Model</Filter>
    </ClInclude>
    <ClInclude Include="HG_ModelInstance.h">
      <Filter>Model</Filter>
    </ClInclude>
    <ClInclude Include="HG_SceneCenter.h">
      <Filter>Model</Filter>
    </ClInclude>
    <ClInclude Include="DialogPlus.h">
      <Filter>View</Filter>
    </ClInclude>
    <ClInclude Include="ElaraHomeAPI.h">
      <Filter>API</Filter>
    </ClInclude>
    <ClInclude Include="DisplayResult.h">
      <Filter>View</Filter>
    </ClInclude>
    <ClInclude Include="PickColorButton.h">
      <Filter>View</Filter>
    </ClInclude>
    <ClInclude Include="RenderSettings.h">
      <Filter>View</Filter>
    </ClInclude>
    <ClInclude Include="RenderToolBar.h">
      <Filter>View</Filter>
    </ClInclude>
    <ClInclude Include="ImageSettings.h">
      <Filter>View</Filter>
    </ClInclude>
  </ItemGroup>
  <ItemGroup>
    <ClCompile Include="RenderUI.cpp">
      <Filter>Frame</Filter>
    </ClCompile>
    <ClCompile Include="stdafx.cpp">
      <Filter>Frame</Filter>
    </ClCompile>
    <ClCompile Include="RenderUIDlg.cpp">
      <Filter>View</Filter>
    </ClCompile>
    <ClCompile Include="HG_BaseModel.cpp">
      <Filter>Model</Filter>
    </ClCompile>
    <ClCompile Include="HG_Camera.cpp">
      <Filter>Model</Filter>
    </ClCompile>
    <ClCompile Include="HG_Light.cpp">
      <Filter>Model</Filter>
    </ClCompile>
    <ClCompile Include="HG_Material.cpp">
      <Filter>Model</Filter>
    </ClCompile>
    <ClCompile Include="HG_Mesh.cpp">
      <Filter>Model</Filter>
    </ClCompile>
    <ClCompile Include="HG_MeshInstance.cpp">
      <Filter>Model</Filter>
    </ClCompile>
    <ClCompile Include="HG_ModelInstance.cpp">
      <Filter>Model</Filter>
    </ClCompile>
    <ClCompile Include="HG_SceneCenter.cpp">
      <Filter>Model</Filter>
    </ClCompile>
    <ClCompile Include="DialogPlus.cpp">
      <Filter>View</Filter>
    </ClCompile>
    <ClCompile Include="ElaraHomeAPI.cpp">
      <Filter>API</Filter>
    </ClCompile>
    <ClCompile Include="DisplayResult.cpp">
      <Filter>View</Filter>
    </ClCompile>
    <ClCompile Include="PickColorButton.cpp">
      <Filter>View</Filter>
    </ClCompile>
    <ClCompile Include="RenderSettings.cpp">
      <Filter>View</Filter>
    </ClCompile>
    <ClCompile Include="RenderToolBar.cpp">
      <Filter>View</Filter>
    </ClCompile>
    <ClCompile Include="ImageSettings.cpp">
      <Filter>View</Filter>
    </ClCompile>
  </ItemGroup>
  <ItemGroup>
    <ResourceCompile Include="RenderUI.rc">
      <Filter>资源文件</Filter>
    </ResourceCompile>
  </ItemGroup>
</Project>