<?xml version="1.0" encoding="utf-8"?>
<Project ToolsVersion="4.0" xmlns="http://schemas.microsoft.com/developer/msbuild/2003">
  <ItemGroup>
    <Filter Include="源文件">
      <UniqueIdentifier>{4FC737F1-C7A5-4376-A066-2A32D752A2FF}</UniqueIdentifier>
      <Extensions>cpp;c;cc;cxx;def;odl;idl;hpj;bat;asm;asmx</Extensions>
    </Filter>
    <Filter Include="头文件">
      <UniqueIdentifier>{93995380-89BD-4b04-88EB-625FBE52EBFB}</UniqueIdentifier>
      <Extensions>h;hpp;hxx;hm;inl;inc;xsd</Extensions>
    </Filter>
    <Filter Include="资源文件">
      <UniqueIdentifier>{67DA6AB6-F800-4c08-8B7A-83BB121AAD01}</UniqueIdentifier>
      <Extensions>rc;ico;cur;bmp;dlg;rc2;rct;bin;rgs;gif;jpg;jpeg;jpe;resx;tiff;tif;png;wav;mfcribbon-ms</Extensions>
    </Filter>
    <Filter Include="Frame">
      <UniqueIdentifier>{4064bbb0-45de-4270-abec-4d209df10215}</UniqueIdentifier>
    </Filter>
    <Filter Include="Tools">
      <UniqueIdentifier>{088567f0-620f-4d96-8b72-c7a2ecc20a81}</UniqueIdentifier>
    </Filter>
    <Filter Include="Model">
      <UniqueIdentifier>{63ceb3cf-32f7-4acc-900f-24d987770ffa}</UniqueIdentifier>
    </Filter>
    <Filter Include="Control">
      <UniqueIdentifier>{c04800db-4757-4d56-87bb-65f4a01380d1}</UniqueIdentifier>
    </Filter>
    <Filter Include="Main">
      <UniqueIdentifier>{334bb008-f9c6-4183-a0af-9bec36d03b28}</UniqueIdentifier>
    </Filter>
    <Filter Include="Logic">
      <UniqueIdentifier>{6b0d6af4-7b8b-4aeb-a051-a0b6cfa5d6d4}</UniqueIdentifier>
    </Filter>
  </ItemGroup>
  <ItemGroup>
    <None Include="ReadMe.txt" />
    <None Include="res\RenderDataExporter.rc2">
      <Filter>资源文件</Filter>
    </None>
    <None Include="RenderDataExporter.def">
      <Filter>Frame</Filter>
    </None>
  </ItemGroup>
  <ItemGroup>
    <ClCompile Include="stdafx.cpp">
      <Filter>Frame</Filter>
    </ClCompile>
    <ClCompile Include="HGSceneNodeVisitor.cpp">
      <Filter>Logic</Filter>
    </ClCompile>
    <ClCompile Include="GeodeReader.cpp">
      <Filter>Logic</Filter>
    </ClCompile>
    <ClCompile Include="HG_Camera.cpp">
      <Filter>Model</Filter>
    </ClCompile>
    <ClCompile Include="HG_Light.cpp">
      <Filter>Model</Filter>
    </ClCompile>
    <ClCompile Include="HG_Material.cpp">
      <Filter>Model</Filter>
    </ClCompile>
    <ClCompile Include="HG_Mesh.cpp">
      <Filter>Model</Filter>
    </ClCompile>
    <ClCompile Include="HG_MeshInstance.cpp">
      <Filter>Model</Filter>
    </ClCompile>
    <ClCompile Include="HG_BaseModel.cpp">
      <Filter>Model</Filter>
    </ClCompile>
    <ClCompile Include="HG_SceneCenter.cpp">
      <Filter>Model</Filter>
    </ClCompile>
    <ClCompile Include="HG_ModelInstance.cpp">
      <Filter>Model</Filter>
    </ClCompile>
    <ClCompile Include="RenderDataExporter.cpp">
      <Filter>Frame</Filter>
    </ClCompile>
    <ClCompile Include="RenderUI.cpp">
      <Filter>Main</Filter>
    </ClCompile>
    <ClCompile Include="HG_Math.cpp">
      <Filter>Tools</Filter>
    </ClCompile>
    <ClCompile Include="HG_Config.cpp">
      <Filter>Tools</Filter>
    </ClCompile>
    <ClCompile Include="HGCode.cpp">
      <Filter>Tools</Filter>
    </ClCompile>
  </ItemGroup>
  <ItemGroup>
    <ClInclude Include="Export.h">
      <Filter>Frame</Filter>
    </ClInclude>
    <ClInclude Include="Resource.h">
      <Filter>Frame</Filter>
    </ClInclude>
    <ClInclude Include="targetver.h">
      <Filter>Frame</Filter>
    </ClInclude>
    <ClInclude Include="stdafx.h">
      <Filter>Frame</Filter>
    </ClInclude>
    <ClInclude Include="HGSceneNodeVisitor.h">
      <Filter>Logic</Filter>
    </ClInclude>
    <ClInclude Include="GeodeReader.h">
      <Filter>Logic</Filter>
    </ClInclude>
    <ClInclude Include="HG_Camera.h">
      <Filter>Model</Filter>
    </ClInclude>
    <ClInclude Include="HG_Light.h">
      <Filter>Model</Filter>
    </ClInclude>
    <ClInclude Include="HG_Material.h">
      <Filter>Model</Filter>
    </ClInclude>
    <ClInclude Include="HG_Mesh.h">
      <Filter>Model</Filter>
    </ClInclude>
    <ClInclude Include="HG_MeshInstance.h">
      <Filter>Model</Filter>
    </ClInclude>
    <ClInclude Include="HG_BaseModel.h">
      <Filter>Model</Filter>
    </ClInclude>
    <ClInclude Include="HG_SceneCenter.h">
      <Filter>Model</Filter>
    </ClInclude>
    <ClInclude Include="HG_ModelInstance.h">
      <Filter>Model</Filter>
    </ClInclude>
    <ClInclude Include="RenderDataExporter.h">
      <Filter>Frame</Filter>
    </ClInclude>
    <ClInclude Include="RenderUI.h">
      <Filter>Main</Filter>
    </ClInclude>
    <ClInclude Include="HG_Math.h">
      <Filter>Tools</Filter>
    </ClInclude>
    <ClInclude Include="HG_Config.h">
      <Filter>Tools</Filter>
    </ClInclude>
    <ClInclude Include="HGCode.h">
      <Filter>Tools</Filter>
    </ClInclude>
  </ItemGroup>
  <ItemGroup>
    <ResourceCompile Include="RenderDataExporter.rc">
      <Filter>资源文件</Filter>
    </ResourceCompile>
  </ItemGroup>
</Project>