<?xml version="1.0" encoding="utf-8"?>
<Project ToolsVersion="4.0" xmlns="http://schemas.microsoft.com/developer/msbuild/2003">
  <ItemGroup>
    <Filter Include="源文件">
      <UniqueIdentifier>{4FC737F1-C7A5-4376-A066-2A32D752A2FF}</UniqueIdentifier>
      <Extensions>cpp;c;cc;cxx;def;odl;idl;hpj;bat;asm;asmx</Extensions>
    </Filter>
    <Filter Include="头文件">
      <UniqueIdentifier>{93995380-89BD-4b04-88EB-625FBE52EBFB}</UniqueIdentifier>
      <Extensions>h;hpp;hxx;hm;inl;inc;xsd</Extensions>
    </Filter>
    <Filter Include="资源文件">
      <UniqueIdentifier>{67DA6AB6-F800-4c08-8B7A-83BB121AAD01}</UniqueIdentifier>
      <Extensions>rc;ico;cur;bmp;dlg;rc2;rct;bin;rgs;gif;jpg;jpeg;jpe;resx;tiff;tif;png;wav;mfcribbon-ms</Extensions>
    </Filter>
    <Filter Include="外部">
      <UniqueIdentifier>{9d8f4684-0914-411c-92bc-52244aca12b8}</UniqueIdentifier>
    </Filter>
    <Filter Include="Model">
      <UniqueIdentifier>{783bac14-064c-461f-91e6-66fdd8ccacc1}</UniqueIdentifier>
    </Filter>
    <Filter Include="Viewer">
      <UniqueIdentifier>{72b207e1-060c-4140-8827-29cbf20d302f}</UniqueIdentifier>
    </Filter>
    <Filter Include="Plugs">
      <UniqueIdentifier>{a5ee2981-d24b-48b8-b00c-d648c660777e}</UniqueIdentifier>
    </Filter>
    <Filter Include="Frame">
      <UniqueIdentifier>{30335a8f-07c4-44e5-84ac-c123b015c555}</UniqueIdentifier>
    </Filter>
  </ItemGroup>
  <ItemGroup>
    <None Include="ReadMe.txt" />
    <None Include="res\Render.rc2">
      <Filter>资源文件</Filter>
    </None>
    <None Include="ImageBegin.bmp">
      <Filter>资源文件</Filter>
    </None>
    <None Include="ImageSave.bmp">
      <Filter>资源文件</Filter>
    </None>
    <None Include="ImageSettings.bmp">
      <Filter>资源文件</Filter>
    </None>
    <None Include="ImageZoomFit.bmp">
      <Filter>资源文件</Filter>
    </None>
    <None Include="ImageZoomOrigin.bmp">
      <Filter>资源文件</Filter>
    </None>
    <None Include="Render.def">
      <Filter>Frame</Filter>
    </None>
  </ItemGroup>
  <ItemGroup>
    <ClCompile Include="ElaraHomeAPI.cpp">
      <Filter>外部</Filter>
    </ClCompile>
    <ClCompile Include="XmlHandlePlus.cpp">
      <Filter>外部</Filter>
    </ClCompile>
    <ClCompile Include="PickColorButton.cpp">
      <Filter>Plugs</Filter>
    </ClCompile>
    <ClCompile Include="DisplayResult.cpp">
      <Filter>Viewer</Filter>
    </ClCompile>
    <ClCompile Include="ImageSettings.cpp">
      <Filter>Viewer</Filter>
    </ClCompile>
    <ClCompile Include="RenderSettings.cpp">
      <Filter>Viewer</Filter>
    </ClCompile>
    <ClCompile Include="RenderToolBar.cpp">
      <Filter>Viewer</Filter>
    </ClCompile>
    <ClCompile Include="RenderingDlg.cpp">
      <Filter>Viewer</Filter>
    </ClCompile>
    <ClCompile Include="Render.cpp">
      <Filter>Frame</Filter>
    </ClCompile>
    <ClCompile Include="RenderUI.cpp">
      <Filter>Frame</Filter>
    </ClCompile>
    <ClCompile Include="stdafx.cpp">
      <Filter>Frame</Filter>
    </ClCompile>
    <ClCompile Include="DialogPlus.cpp">
      <Filter>Viewer</Filter>
    </ClCompile>
  </ItemGroup>
  <ItemGroup>
    <ClInclude Include="ElaraHomeAPI.h">
      <Filter>外部</Filter>
    </ClInclude>
    <ClInclude Include="XmlHandlePlus.h">
      <Filter>外部</Filter>
    </ClInclude>
    <ClInclude Include="DisplayResult.h">
      <Filter>Viewer</Filter>
    </ClInclude>
    <ClInclude Include="PickColorButton.h">
      <Filter>Plugs</Filter>
    </ClInclude>
    <ClInclude Include="RenderToolBar.h">
      <Filter>Viewer</Filter>
    </ClInclude>
    <ClInclude Include="ImageSettings.h">
      <Filter>Viewer</Filter>
    </ClInclude>
    <ClInclude Include="RenderingDlg.h">
      <Filter>Viewer</Filter>
    </ClInclude>
    <ClInclude Include="RenderSettings.h">
      <Filter>Viewer</Filter>
    </ClInclude>
    <ClInclude Include="Export.h">
      <Filter>Frame</Filter>
    </ClInclude>
    <ClInclude Include="Render.h">
      <Filter>Frame</Filter>
    </ClInclude>
    <ClInclude Include="RenderUI.h">
      <Filter>Frame</Filter>
    </ClInclude>
    <ClInclude Include="Resource.h">
      <Filter>Frame</Filter>
    </ClInclude>
    <ClInclude Include="stdafx.h">
      <Filter>Frame</Filter>
    </ClInclude>
    <ClInclude Include="targetver.h">
      <Filter>Frame</Filter>
    </ClInclude>
    <ClInclude Include="DialogPlus.h">
      <Filter>Viewer</Filter>
    </ClInclude>
  </ItemGroup>
  <ItemGroup>
    <ResourceCompile Include="Render.rc">
      <Filter>资源文件</Filter>
    </ResourceCompile>
  </ItemGroup>
</Project>