<?xml version="1.0" encoding="utf-8"?>
<Project ToolsVersion="4.0" xmlns="http://schemas.microsoft.com/developer/msbuild/2003">
  <ItemGroup>
    <Filter Include="源文件">
      <UniqueIdentifier>{4FC737F1-C7A5-4376-A066-2A32D752A2FF}</UniqueIdentifier>
      <Extensions>cpp;c;cc;cxx;def;odl;idl;hpj;bat;asm;asmx</Extensions>
    </Filter>
    <Filter Include="头文件">
      <UniqueIdentifier>{93995380-89BD-4b04-88EB-625FBE52EBFB}</UniqueIdentifier>
      <Extensions>h;hpp;hxx;hm;inl;inc;xsd</Extensions>
    </Filter>
    <Filter Include="资源文件">
      <UniqueIdentifier>{67DA6AB6-F800-4c08-8B7A-83BB121AAD01}</UniqueIdentifier>
      <Extensions>rc;ico;cur;bmp;dlg;rc2;rct;bin;rgs;gif;jpg;jpeg;jpe;resx;tiff;tif;png;wav;mfcribbon-ms</Extensions>
    </Filter>
    <Filter Include="Tools">
      <UniqueIdentifier>{3056a713-fd19-4cd4-b716-4ddcab71d32c}</UniqueIdentifier>
    </Filter>
    <Filter Include="API">
      <UniqueIdentifier>{990e3151-5612-43ac-bf58-3b23a76e9a80}</UniqueIdentifier>
    </Filter>
    <Filter Include="Control">
      <UniqueIdentifier>{5d17d04f-1b8d-4162-9d10-6750fd604d3f}</UniqueIdentifier>
    </Filter>
    <Filter Include="Frame">
      <UniqueIdentifier>{14a081bf-83d3-4f63-a2d1-58c33290a4f1}</UniqueIdentifier>
    </Filter>
    <Filter Include="Logic">
      <UniqueIdentifier>{41d3d9ac-6ac3-4405-965a-62b69a6495ad}</UniqueIdentifier>
    </Filter>
    <Filter Include="View">
      <UniqueIdentifier>{fe39e2b7-311a-49cf-a36b-d45c83988316}</UniqueIdentifier>
    </Filter>
    <Filter Include="Model">
      <UniqueIdentifier>{eabf32b1-8aa0-4089-a98b-08ead099d960}</UniqueIdentifier>
    </Filter>
  </ItemGroup>
  <ItemGroup>
    <None Include="ReadMe.txt" />
    <None Include="res\RenderOperator.rc2">
      <Filter>资源文件</Filter>
    </None>
    <None Include="res\RenderOperator.ico">
      <Filter>资源文件</Filter>
    </None>
    <None Include="ImageBegin.bmp">
      <Filter>资源文件</Filter>
    </None>
    <None Include="ImageSave.bmp">
      <Filter>资源文件</Filter>
    </None>
    <None Include="ImageSettings.bmp">
      <Filter>资源文件</Filter>
    </None>
    <None Include="ImageZoomFit.bmp">
      <Filter>资源文件</Filter>
    </None>
    <None Include="ImageZoomOrigin.bmp">
      <Filter>资源文件</Filter>
    </None>
  </ItemGroup>
  <ItemGroup>
    <ClInclude Include="Elara\ElaraHomeAPI.h">
      <Filter>API</Filter>
    </ClInclude>
    <ClInclude Include="Elara\esslib.h">
      <Filter>API</Filter>
    </ClInclude>
    <ClInclude Include="Elara\esswriter.h">
      <Filter>API</Filter>
    </ClInclude>
    <ClInclude Include="RenderOperatorDlg.h">
      <Filter>View</Filter>
    </ClInclude>
    <ClInclude Include="RenderOperator.h">
      <Filter>Frame</Filter>
    </ClInclude>
    <ClInclude Include="stdafx.h">
      <Filter>Frame</Filter>
    </ClInclude>
    <ClInclude Include="targetver.h">
      <Filter>Frame</Filter>
    </ClInclude>
    <ClInclude Include="Resource.h">
      <Filter>Frame</Filter>
    </ClInclude>
    <ClInclude Include="HgLog\HgLog.h">
      <Filter>Tools</Filter>
    </ClInclude>
    <ClInclude Include="XmlHandlePlus\XmlHandlePlus.h">
      <Filter>Tools</Filter>
    </ClInclude>
    <ClInclude Include="HG_BaseModel.h">
      <Filter>Model</Filter>
    </ClInclude>
    <ClInclude Include="HG_Camera.h">
      <Filter>Model</Filter>
    </ClInclude>
    <ClInclude Include="HG_Exposure.h">
      <Filter>Model</Filter>
    </ClInclude>
    <ClInclude Include="HG_Light.h">
      <Filter>Model</Filter>
    </ClInclude>
    <ClInclude Include="HG_Material.h">
      <Filter>Model</Filter>
    </ClInclude>
    <ClInclude Include="HG_Mesh.h">
      <Filter>Model</Filter>
    </ClInclude>
    <ClInclude Include="HG_MeshInstance.h">
      <Filter>Model</Filter>
    </ClInclude>
    <ClInclude Include="HG_ModelInstance.h">
      <Filter>Model</Filter>
    </ClInclude>
    <ClInclude Include="HG_RenderParam.h">
      <Filter>Model</Filter>
    </ClInclude>
    <ClInclude Include="HG_SceneCenter.h">
      <Filter>Model</Filter>
    </ClInclude>
    <ClInclude Include="HG_SkyLight.h">
      <Filter>Model</Filter>
    </ClInclude>
    <ClInclude Include="HG_SunLight.h">
      <Filter>Model</Filter>
    </ClInclude>
    <ClInclude Include="ButtonPickColor.h">
      <Filter>View</Filter>
    </ClInclude>
    <ClInclude Include="DialogPlus.h">
      <Filter>View</Filter>
    </ClInclude>
    <ClInclude Include="DialogDisplayResult.h">
      <Filter>View</Filter>
    </ClInclude>
    <ClInclude Include="DialogImageSettings.h">
      <Filter>View</Filter>
    </ClInclude>
    <ClInclude Include="DialogRenderToolBar.h">
      <Filter>View</Filter>
    </ClInclude>
    <ClInclude Include="HGCode.h">
      <Filter>Tools</Filter>
    </ClInclude>
    <ClInclude Include="DialogRenderSettings.h">
      <Filter>View</Filter>
    </ClInclude>
    <ClInclude Include="RenderManager.h">
      <Filter>Logic</Filter>
    </ClInclude>
  </ItemGroup>
  <ItemGroup>
    <ClCompile Include="Elara\ElaraHomeAPI.cpp">
      <Filter>API</Filter>
    </ClCompile>
    <ClCompile Include="Elara\esslib.cpp">
      <Filter>API</Filter>
    </ClCompile>
    <ClCompile Include="Elara\esswriter.cpp">
      <Filter>API</Filter>
    </ClCompile>
    <ClCompile Include="RenderOperatorDlg.cpp">
      <Filter>View</Filter>
    </ClCompile>
    <ClCompile Include="RenderOperator.cpp">
      <Filter>Frame</Filter>
    </ClCompile>
    <ClCompile Include="stdafx.cpp">
      <Filter>Frame</Filter>
    </ClCompile>
    <ClCompile Include="HgLog\HgLog.cpp">
      <Filter>Tools</Filter>
    </ClCompile>
    <ClCompile Include="XmlHandlePlus\XmlHandlePlus.cpp">
      <Filter>Tools</Filter>
    </ClCompile>
    <ClCompile Include="HG_BaseModel.cpp">
      <Filter>Model</Filter>
    </ClCompile>
    <ClCompile Include="HG_Camera.cpp">
      <Filter>Model</Filter>
    </ClCompile>
    <ClCompile Include="HG_Exposure.cpp">
      <Filter>Model</Filter>
    </ClCompile>
    <ClCompile Include="HG_Light.cpp">
      <Filter>Model</Filter>
    </ClCompile>
    <ClCompile Include="HG_Material.cpp">
      <Filter>Model</Filter>
    </ClCompile>
    <ClCompile Include="HG_Mesh.cpp">
      <Filter>Model</Filter>
    </ClCompile>
    <ClCompile Include="HG_MeshInstance.cpp">
      <Filter>Model</Filter>
    </ClCompile>
    <ClCompile Include="HG_ModelInstance.cpp">
      <Filter>Model</Filter>
    </ClCompile>
    <ClCompile Include="HG_RenderParam.cpp">
      <Filter>Model</Filter>
    </ClCompile>
    <ClCompile Include="HG_SceneCenter.cpp">
      <Filter>Model</Filter>
    </ClCompile>
    <ClCompile Include="HG_SkyLight.cpp">
      <Filter>Model</Filter>
    </ClCompile>
    <ClCompile Include="HG_SunLight.cpp">
      <Filter>Model</Filter>
    </ClCompile>
    <ClCompile Include="ButtonPickColor.cpp">
      <Filter>View</Filter>
    </ClCompile>
    <ClCompile Include="DialogPlus.cpp">
      <Filter>View</Filter>
    </ClCompile>
    <ClCompile Include="DialogDisplayResult.cpp">
      <Filter>View</Filter>
    </ClCompile>
    <ClCompile Include="DialogImageSettings.cpp">
      <Filter>View</Filter>
    </ClCompile>
    <ClCompile Include="DialogRenderToolBar.cpp">
      <Filter>View</Filter>
    </ClCompile>
    <ClCompile Include="HGCode.cpp">
      <Filter>Tools</Filter>
    </ClCompile>
    <ClCompile Include="DialogRenderSettings.cpp">
      <Filter>View</Filter>
    </ClCompile>
    <ClCompile Include="RenderManager.cpp">
      <Filter>Logic</Filter>
    </ClCompile>
  </ItemGroup>
  <ItemGroup>
    <ResourceCompile Include="RenderOperator.rc">
      <Filter>资源文件</Filter>
    </ResourceCompile>
  </ItemGroup>
</Project>